
Microsoft Visual Studio Solution File, Format Version 12.00
# Visual Studio 15
VisualStudioVersion = 15.0.27004.2002
MinimumVisualStudioVersion = 10.0.40219.1
Project("{FAE04EC0-301F-11D3-BF4B-00C04F79EFBC}") = "M11_ProjectGame", "M11_ProjectGame\M11_ProjectGame.csproj", "{836451C6-9828-4673-97AC-1B9DA4A719F9}"
EndProject
Global
	GlobalSection(SolutionConfigurationPlatforms) = preSolution
		Debug|Any CPU = Debug|Any CPU
		Release|Any CPU = Release|Any CPU
	EndGlobalSection
	GlobalSection(ProjectConfigurationPlatforms) = postSolution
		{836451C6-9828-4673-97AC-1B9DA4A719F9}.Debug|Any CPU.ActiveCfg = Debug|Any CPU
		{836451C6-9828-4673-97AC-1B9DA4A719F9}.Debug|Any CPU.Build.0 = Debug|Any CPU
		{836451C6-9828-4673-97AC-1B9DA4A719F9}.Release|Any CPU.ActiveCfg = Release|Any CPU
		{836451C6-9828-4673-97AC-1B9DA4A719F9}.Release|Any CPU.Build.0 = Release|Any CPU
	EndGlobalSection
	GlobalSection(SolutionProperties) = preSolution
		HideSolutionNode = FALSE
	EndGlobalSection
	GlobalSection(ExtensibilityGlobals) = postSolution
		SolutionGuid = {C02C2D1D-8D9E-4ED1-A5B3-5F5B22303B49}
	EndGlobalSection
EndGlobal
